
Microsoft Visual Studio Solution File, Format Version 12.00
# Visual Studio Version 16
VisualStudioVersion = 16.0.30503.244
MinimumVisualStudioVersion = 10.0.40219.1
Project("{8BC9CEB8-8B4A-11D0-8D11-00A0C91BC942}") = "CarouselDataProcessor_LNX", "LoopDataProcessor\CarouselDataProcessor_LNX.vcxproj", "{DC01D997-0BCB-4E4F-84CE-D2E0B7CA949C}"
EndProject
Project("{8BC9CEB8-8B4A-11D0-8D11-00A0C91BC942}") = "CarouselLib_LNX", "CarouselLib\CarouselLib_LNX.vcxproj", "{07AFDD6D-59D5-4C17-AD08-D8745DCFCAA1}"
EndProject
Project("{8BC9CEB8-8B4A-11D0-8D11-00A0C91BC942}") = "VUFS_LNX", "..\dev_vdrc\VUFS_LNX\VUFS_LNX.vcxproj", "{4ACDC5AA-C316-4B32-B55A-65BB0CD09F64}"
EndProject
Project("{8BC9CEB8-8B4A-11D0-8D11-00A0C91BC942}") = "V_Geo_Voronoi3D_LNX", "..\dev_vdrc\V_Geo_Voronoi3D_LNX\V_Geo_Voronoi3D_LNX.vcxproj", "{CF6336C9-FEDF-48F1-A2DD-82C45DF00886}"
EndProject
Project("{8BC9CEB8-8B4A-11D0-8D11-00A0C91BC942}") = "V_Geo_GeoModel_LNX", "..\dev_vdrc\V_Geo_GeoModel_LNX\V_Geo_GeoModel_LNX.vcxproj", "{09F59A7D-E845-4707-8A1C-4FBFD786825D}"
EndProject
Project("{8BC9CEB8-8B4A-11D0-8D11-00A0C91BC942}") = "V_Core_LNX", "..\dev_vdrc\V_Core_LNX\V_Core_LNX.vcxproj", "{4938FE04-A882-4127-B812-4D83931BBC5D}"
EndProject
Project("{8BC9CEB8-8B4A-11D0-8D11-00A0C91BC942}") = "V_API_LNX", "..\dev_vdrc\V_API_LNX\V_API_LNX.vcxproj", "{79ABAE7C-42BD-4008-AF33-2CEFDA4246F0}"
EndProject
Project("{8BC9CEB8-8B4A-11D0-8D11-00A0C91BC942}") = "DynamicVDLib_LNX", "..\DynamicVoronoiDiagram\DynamicVD3DLib\DynamicVDLib_LNX.vcxproj", "{433B33E5-CB59-4CA1-A5CA-51CB45E7C948}"
EndProject
Project("{8BC9CEB8-8B4A-11D0-8D11-00A0C91BC942}") = "RPolyPlusPlus_LNX", "..\DynamicVoronoiDiagram\RPolyPlusPlus\RPolyPlusPlus_LNX.vcxproj", "{ADAB40C3-F4EE-4DA0-9C9F-F4ACF5228330}"
EndProject
Global
	GlobalSection(SolutionConfigurationPlatforms) = preSolution
		Debug|ARM = Debug|ARM
		Debug|ARM64 = Debug|ARM64
		Debug|x64 = Debug|x64
		Debug|x86 = Debug|x86
		Release|ARM = Release|ARM
		Release|ARM64 = Release|ARM64
		Release|x64 = Release|x64
		Release|x86 = Release|x86
	EndGlobalSection
	GlobalSection(ProjectConfigurationPlatforms) = postSolution
		{DC01D997-0BCB-4E4F-84CE-D2E0B7CA949C}.Debug|ARM.ActiveCfg = Debug|ARM
		{DC01D997-0BCB-4E4F-84CE-D2E0B7CA949C}.Debug|ARM.Build.0 = Debug|ARM
		{DC01D997-0BCB-4E4F-84CE-D2E0B7CA949C}.Debug|ARM.Deploy.0 = Debug|ARM
		{DC01D997-0BCB-4E4F-84CE-D2E0B7CA949C}.Debug|ARM64.ActiveCfg = Debug|ARM64
		{DC01D997-0BCB-4E4F-84CE-D2E0B7CA949C}.Debug|ARM64.Build.0 = Debug|ARM64
		{DC01D997-0BCB-4E4F-84CE-D2E0B7CA949C}.Debug|ARM64.Deploy.0 = Debug|ARM64
		{DC01D997-0BCB-4E4F-84CE-D2E0B7CA949C}.Debug|x64.ActiveCfg = Debug|x64
		{DC01D997-0BCB-4E4F-84CE-D2E0B7CA949C}.Debug|x64.Build.0 = Debug|x64
		{DC01D997-0BCB-4E4F-84CE-D2E0B7CA949C}.Debug|x64.Deploy.0 = Debug|x64
		{DC01D997-0BCB-4E4F-84CE-D2E0B7CA949C}.Debug|x86.ActiveCfg = Debug|x86
		{DC01D997-0BCB-4E4F-84CE-D2E0B7CA949C}.Debug|x86.Build.0 = Debug|x86
		{DC01D997-0BCB-4E4F-84CE-D2E0B7CA949C}.Debug|x86.Deploy.0 = Debug|x86
		{DC01D997-0BCB-4E4F-84CE-D2E0B7CA949C}.Release|ARM.ActiveCfg = Release|ARM
		{DC01D997-0BCB-4E4F-84CE-D2E0B7CA949C}.Release|ARM.Build.0 = Release|ARM
		{DC01D997-0BCB-4E4F-84CE-D2E0B7CA949C}.Release|ARM.Deploy.0 = Release|ARM
		{DC01D997-0BCB-4E4F-84CE-D2E0B7CA949C}.Release|ARM64.ActiveCfg = Release|ARM64
		{DC01D997-0BCB-4E4F-84CE-D2E0B7CA949C}.Release|ARM64.Build.0 = Release|ARM64
		{DC01D997-0BCB-4E4F-84CE-D2E0B7CA949C}.Release|ARM64.Deploy.0 = Release|ARM64
		{DC01D997-0BCB-4E4F-84CE-D2E0B7CA949C}.Release|x64.ActiveCfg = Release|x64
		{DC01D997-0BCB-4E4F-84CE-D2E0B7CA949C}.Release|x64.Build.0 = Release|x64
		{DC01D997-0BCB-4E4F-84CE-D2E0B7CA949C}.Release|x64.Deploy.0 = Release|x64
		{DC01D997-0BCB-4E4F-84CE-D2E0B7CA949C}.Release|x86.ActiveCfg = Release|x86
		{DC01D997-0BCB-4E4F-84CE-D2E0B7CA949C}.Release|x86.Build.0 = Release|x86
		{DC01D997-0BCB-4E4F-84CE-D2E0B7CA949C}.Release|x86.Deploy.0 = Release|x86
		{07AFDD6D-59D5-4C17-AD08-D8745DCFCAA1}.Debug|ARM.ActiveCfg = Debug|ARM
		{07AFDD6D-59D5-4C17-AD08-D8745DCFCAA1}.Debug|ARM.Build.0 = Debug|ARM
		{07AFDD6D-59D5-4C17-AD08-D8745DCFCAA1}.Debug|ARM.Deploy.0 = Debug|ARM
		{07AFDD6D-59D5-4C17-AD08-D8745DCFCAA1}.Debug|ARM64.ActiveCfg = Debug|ARM64
		{07AFDD6D-59D5-4C17-AD08-D8745DCFCAA1}.Debug|ARM64.Build.0 = Debug|ARM64
		{07AFDD6D-59D5-4C17-AD08-D8745DCFCAA1}.Debug|ARM64.Deploy.0 = Debug|ARM64
		{07AFDD6D-59D5-4C17-AD08-D8745DCFCAA1}.Debug|x64.ActiveCfg = Debug|x64
		{07AFDD6D-59D5-4C17-AD08-D8745DCFCAA1}.Debug|x64.Build.0 = Debug|x64
		{07AFDD6D-59D5-4C17-AD08-D8745DCFCAA1}.Debug|x64.Deploy.0 = Debug|x64
		{07AFDD6D-59D5-4C17-AD08-D8745DCFCAA1}.Debug|x86.ActiveCfg = Debug|x86
		{07AFDD6D-59D5-4C17-AD08-D8745DCFCAA1}.Debug|x86.Build.0 = Debug|x86
		{07AFDD6D-59D5-4C17-AD08-D8745DCFCAA1}.Debug|x86.Deploy.0 = Debug|x86
		{07AFDD6D-59D5-4C17-AD08-D8745DCFCAA1}.Release|ARM.ActiveCfg = Release|ARM
		{07AFDD6D-59D5-4C17-AD08-D8745DCFCAA1}.Release|ARM.Build.0 = Release|ARM
		{07AFDD6D-59D5-4C17-AD08-D8745DCFCAA1}.Release|ARM.Deploy.0 = Release|ARM
		{07AFDD6D-59D5-4C17-AD08-D8745DCFCAA1}.Release|ARM64.ActiveCfg = Release|ARM64
		{07AFDD6D-59D5-4C17-AD08-D8745DCFCAA1}.Release|ARM64.Build.0 = Release|ARM64
		{07AFDD6D-59D5-4C17-AD08-D8745DCFCAA1}.Release|ARM64.Deploy.0 = Release|ARM64
		{07AFDD6D-59D5-4C17-AD08-D8745DCFCAA1}.Release|x64.ActiveCfg = Release|x64
		{07AFDD6D-59D5-4C17-AD08-D8745DCFCAA1}.Release|x64.Build.0 = Release|x64
		{07AFDD6D-59D5-4C17-AD08-D8745DCFCAA1}.Release|x64.Deploy.0 = Release|x64
		{07AFDD6D-59D5-4C17-AD08-D8745DCFCAA1}.Release|x86.ActiveCfg = Release|x86
		{07AFDD6D-59D5-4C17-AD08-D8745DCFCAA1}.Release|x86.Build.0 = Release|x86
		{07AFDD6D-59D5-4C17-AD08-D8745DCFCAA1}.Release|x86.Deploy.0 = Release|x86
		{4ACDC5AA-C316-4B32-B55A-65BB0CD09F64}.Debug|ARM.ActiveCfg = Debug|ARM
		{4ACDC5AA-C316-4B32-B55A-65BB0CD09F64}.Debug|ARM.Build.0 = Debug|ARM
		{4ACDC5AA-C316-4B32-B55A-65BB0CD09F64}.Debug|ARM.Deploy.0 = Debug|ARM
		{4ACDC5AA-C316-4B32-B55A-65BB0CD09F64}.Debug|ARM64.ActiveCfg = Debug|ARM64
		{4ACDC5AA-C316-4B32-B55A-65BB0CD09F64}.Debug|ARM64.Build.0 = Debug|ARM64
		{4ACDC5AA-C316-4B32-B55A-65BB0CD09F64}.Debug|ARM64.Deploy.0 = Debug|ARM64
		{4ACDC5AA-C316-4B32-B55A-65BB0CD09F64}.Debug|x64.ActiveCfg = Debug|x64
		{4ACDC5AA-C316-4B32-B55A-65BB0CD09F64}.Debug|x64.Build.0 = Debug|x64
		{4ACDC5AA-C316-4B32-B55A-65BB0CD09F64}.Debug|x64.Deploy.0 = Debug|x64
		{4ACDC5AA-C316-4B32-B55A-65BB0CD09F64}.Debug|x86.ActiveCfg = Debug|x86
		{4ACDC5AA-C316-4B32-B55A-65BB0CD09F64}.Debug|x86.Build.0 = Debug|x86
		{4ACDC5AA-C316-4B32-B55A-65BB0CD09F64}.Debug|x86.Deploy.0 = Debug|x86
		{4ACDC5AA-C316-4B32-B55A-65BB0CD09F64}.Release|ARM.ActiveCfg = Release|ARM
		{4ACDC5AA-C316-4B32-B55A-65BB0CD09F64}.Release|ARM.Build.0 = Release|ARM
		{4ACDC5AA-C316-4B32-B55A-65BB0CD09F64}.Release|ARM.Deploy.0 = Release|ARM
		{4ACDC5AA-C316-4B32-B55A-65BB0CD09F64}.Release|ARM64.ActiveCfg = Release|ARM64
		{4ACDC5AA-C316-4B32-B55A-65BB0CD09F64}.Release|ARM64.Build.0 = Release|ARM64
		{4ACDC5AA-C316-4B32-B55A-65BB0CD09F64}.Release|ARM64.Deploy.0 = Release|ARM64
		{4ACDC5AA-C316-4B32-B55A-65BB0CD09F64}.Release|x64.ActiveCfg = Release|x64
		{4ACDC5AA-C316-4B32-B55A-65BB0CD09F64}.Release|x64.Build.0 = Release|x64
		{4ACDC5AA-C316-4B32-B55A-65BB0CD09F64}.Release|x64.Deploy.0 = Release|x64
		{4ACDC5AA-C316-4B32-B55A-65BB0CD09F64}.Release|x86.ActiveCfg = Release|x86
		{4ACDC5AA-C316-4B32-B55A-65BB0CD09F64}.Release|x86.Build.0 = Release|x86
		{4ACDC5AA-C316-4B32-B55A-65BB0CD09F64}.Release|x86.Deploy.0 = Release|x86
		{CF6336C9-FEDF-48F1-A2DD-82C45DF00886}.Debug|ARM.ActiveCfg = Debug|ARM
		{CF6336C9-FEDF-48F1-A2DD-82C45DF00886}.Debug|ARM.Build.0 = Debug|ARM
		{CF6336C9-FEDF-48F1-A2DD-82C45DF00886}.Debug|ARM.Deploy.0 = Debug|ARM
		{CF6336C9-FEDF-48F1-A2DD-82C45DF00886}.Debug|ARM64.ActiveCfg = Debug|ARM64
		{CF6336C9-FEDF-48F1-A2DD-82C45DF00886}.Debug|ARM64.Build.0 = Debug|ARM64
		{CF6336C9-FEDF-48F1-A2DD-82C45DF00886}.Debug|ARM64.Deploy.0 = Debug|ARM64
		{CF6336C9-FEDF-48F1-A2DD-82C45DF00886}.Debug|x64.ActiveCfg = Debug|x64
		{CF6336C9-FEDF-48F1-A2DD-82C45DF00886}.Debug|x64.Build.0 = Debug|x64
		{CF6336C9-FEDF-48F1-A2DD-82C45DF00886}.Debug|x64.Deploy.0 = Debug|x64
		{CF6336C9-FEDF-48F1-A2DD-82C45DF00886}.Debug|x86.ActiveCfg = Debug|x86
		{CF6336C9-FEDF-48F1-A2DD-82C45DF00886}.Debug|x86.Build.0 = Debug|x86
		{CF6336C9-FEDF-48F1-A2DD-82C45DF00886}.Debug|x86.Deploy.0 = Debug|x86
		{CF6336C9-FEDF-48F1-A2DD-82C45DF00886}.Release|ARM.ActiveCfg = Release|ARM
		{CF6336C9-FEDF-48F1-A2DD-82C45DF00886}.Release|ARM.Build.0 = Release|ARM
		{CF6336C9-FEDF-48F1-A2DD-82C45DF00886}.Release|ARM.Deploy.0 = Release|ARM
		{CF6336C9-FEDF-48F1-A2DD-82C45DF00886}.Release|ARM64.ActiveCfg = Release|ARM64
		{CF6336C9-FEDF-48F1-A2DD-82C45DF00886}.Release|ARM64.Build.0 = Release|ARM64
		{CF6336C9-FEDF-48F1-A2DD-82C45DF00886}.Release|ARM64.Deploy.0 = Release|ARM64
		{CF6336C9-FEDF-48F1-A2DD-82C45DF00886}.Release|x64.ActiveCfg = Release|x64
		{CF6336C9-FEDF-48F1-A2DD-82C45DF00886}.Release|x64.Build.0 = Release|x64
		{CF6336C9-FEDF-48F1-A2DD-82C45DF00886}.Release|x64.Deploy.0 = Release|x64
		{CF6336C9-FEDF-48F1-A2DD-82C45DF00886}.Release|x86.ActiveCfg = Release|x86
		{CF6336C9-FEDF-48F1-A2DD-82C45DF00886}.Release|x86.Build.0 = Release|x86
		{CF6336C9-FEDF-48F1-A2DD-82C45DF00886}.Release|x86.Deploy.0 = Release|x86
		{09F59A7D-E845-4707-8A1C-4FBFD786825D}.Debug|ARM.ActiveCfg = Debug|ARM
		{09F59A7D-E845-4707-8A1C-4FBFD786825D}.Debug|ARM.Build.0 = Debug|ARM
		{09F59A7D-E845-4707-8A1C-4FBFD786825D}.Debug|ARM.Deploy.0 = Debug|ARM
		{09F59A7D-E845-4707-8A1C-4FBFD786825D}.Debug|ARM64.ActiveCfg = Debug|ARM64
		{09F59A7D-E845-4707-8A1C-4FBFD786825D}.Debug|ARM64.Build.0 = Debug|ARM64
		{09F59A7D-E845-4707-8A1C-4FBFD786825D}.Debug|ARM64.Deploy.0 = Debug|ARM64
		{09F59A7D-E845-4707-8A1C-4FBFD786825D}.Debug|x64.ActiveCfg = Debug|x64
		{09F59A7D-E845-4707-8A1C-4FBFD786825D}.Debug|x64.Build.0 = Debug|x64
		{09F59A7D-E845-4707-8A1C-4FBFD786825D}.Debug|x64.Deploy.0 = Debug|x64
		{09F59A7D-E845-4707-8A1C-4FBFD786825D}.Debug|x86.ActiveCfg = Debug|x86
		{09F59A7D-E845-4707-8A1C-4FBFD786825D}.Debug|x86.Build.0 = Debug|x86
		{09F59A7D-E845-4707-8A1C-4FBFD786825D}.Debug|x86.Deploy.0 = Debug|x86
		{09F59A7D-E845-4707-8A1C-4FBFD786825D}.Release|ARM.ActiveCfg = Release|ARM
		{09F59A7D-E845-4707-8A1C-4FBFD786825D}.Release|ARM.Build.0 = Release|ARM
		{09F59A7D-E845-4707-8A1C-4FBFD786825D}.Release|ARM.Deploy.0 = Release|ARM
		{09F59A7D-E845-4707-8A1C-4FBFD786825D}.Release|ARM64.ActiveCfg = Release|ARM64
		{09F59A7D-E845-4707-8A1C-4FBFD786825D}.Release|ARM64.Build.0 = Release|ARM64
		{09F59A7D-E845-4707-8A1C-4FBFD786825D}.Release|ARM64.Deploy.0 = Release|ARM64
		{09F59A7D-E845-4707-8A1C-4FBFD786825D}.Release|x64.ActiveCfg = Release|x64
		{09F59A7D-E845-4707-8A1C-4FBFD786825D}.Release|x64.Build.0 = Release|x64
		{09F59A7D-E845-4707-8A1C-4FBFD786825D}.Release|x64.Deploy.0 = Release|x64
		{09F59A7D-E845-4707-8A1C-4FBFD786825D}.Release|x86.ActiveCfg = Release|x86
		{09F59A7D-E845-4707-8A1C-4FBFD786825D}.Release|x86.Build.0 = Release|x86
		{09F59A7D-E845-4707-8A1C-4FBFD786825D}.Release|x86.Deploy.0 = Release|x86
		{4938FE04-A882-4127-B812-4D83931BBC5D}.Debug|ARM.ActiveCfg = Debug|ARM
		{4938FE04-A882-4127-B812-4D83931BBC5D}.Debug|ARM.Build.0 = Debug|ARM
		{4938FE04-A882-4127-B812-4D83931BBC5D}.Debug|ARM.Deploy.0 = Debug|ARM
		{4938FE04-A882-4127-B812-4D83931BBC5D}.Debug|ARM64.ActiveCfg = Debug|ARM64
		{4938FE04-A882-4127-B812-4D83931BBC5D}.Debug|ARM64.Build.0 = Debug|ARM64
		{4938FE04-A882-4127-B812-4D83931BBC5D}.Debug|ARM64.Deploy.0 = Debug|ARM64
		{4938FE04-A882-4127-B812-4D83931BBC5D}.Debug|x64.ActiveCfg = Debug|x64
		{4938FE04-A882-4127-B812-4D83931BBC5D}.Debug|x64.Build.0 = Debug|x64
		{4938FE04-A882-4127-B812-4D83931BBC5D}.Debug|x64.Deploy.0 = Debug|x64
		{4938FE04-A882-4127-B812-4D83931BBC5D}.Debug|x86.ActiveCfg = Debug|x86
		{4938FE04-A882-4127-B812-4D83931BBC5D}.Debug|x86.Build.0 = Debug|x86
		{4938FE04-A882-4127-B812-4D83931BBC5D}.Debug|x86.Deploy.0 = Debug|x86
		{4938FE04-A882-4127-B812-4D83931BBC5D}.Release|ARM.ActiveCfg = Release|ARM
		{4938FE04-A882-4127-B812-4D83931BBC5D}.Release|ARM.Build.0 = Release|ARM
		{4938FE04-A882-4127-B812-4D83931BBC5D}.Release|ARM.Deploy.0 = Release|ARM
		{4938FE04-A882-4127-B812-4D83931BBC5D}.Release|ARM64.ActiveCfg = Release|ARM64
		{4938FE04-A882-4127-B812-4D83931BBC5D}.Release|ARM64.Build.0 = Release|ARM64
		{4938FE04-A882-4127-B812-4D83931BBC5D}.Release|ARM64.Deploy.0 = Release|ARM64
		{4938FE04-A882-4127-B812-4D83931BBC5D}.Release|x64.ActiveCfg = Release|x64
		{4938FE04-A882-4127-B812-4D83931BBC5D}.Release|x64.Build.0 = Release|x64
		{4938FE04-A882-4127-B812-4D83931BBC5D}.Release|x64.Deploy.0 = Release|x64
		{4938FE04-A882-4127-B812-4D83931BBC5D}.Release|x86.ActiveCfg = Release|x86
		{4938FE04-A882-4127-B812-4D83931BBC5D}.Release|x86.Build.0 = Release|x86
		{4938FE04-A882-4127-B812-4D83931BBC5D}.Release|x86.Deploy.0 = Release|x86
		{79ABAE7C-42BD-4008-AF33-2CEFDA4246F0}.Debug|ARM.ActiveCfg = Debug|ARM
		{79ABAE7C-42BD-4008-AF33-2CEFDA4246F0}.Debug|ARM.Build.0 = Debug|ARM
		{79ABAE7C-42BD-4008-AF33-2CEFDA4246F0}.Debug|ARM.Deploy.0 = Debug|ARM
		{79ABAE7C-42BD-4008-AF33-2CEFDA4246F0}.Debug|ARM64.ActiveCfg = Debug|ARM64
		{79ABAE7C-42BD-4008-AF33-2CEFDA4246F0}.Debug|ARM64.Build.0 = Debug|ARM64
		{79ABAE7C-42BD-4008-AF33-2CEFDA4246F0}.Debug|ARM64.Deploy.0 = Debug|ARM64
		{79ABAE7C-42BD-4008-AF33-2CEFDA4246F0}.Debug|x64.ActiveCfg = Debug|x64
		{79ABAE7C-42BD-4008-AF33-2CEFDA4246F0}.Debug|x64.Build.0 = Debug|x64
		{79ABAE7C-42BD-4008-AF33-2CEFDA4246F0}.Debug|x64.Deploy.0 = Debug|x64
		{79ABAE7C-42BD-4008-AF33-2CEFDA4246F0}.Debug|x86.ActiveCfg = Debug|x86
		{79ABAE7C-42BD-4008-AF33-2CEFDA4246F0}.Debug|x86.Build.0 = Debug|x86
		{79ABAE7C-42BD-4008-AF33-2CEFDA4246F0}.Debug|x86.Deploy.0 = Debug|x86
		{79ABAE7C-42BD-4008-AF33-2CEFDA4246F0}.Release|ARM.ActiveCfg = Release|ARM
		{79ABAE7C-42BD-4008-AF33-2CEFDA4246F0}.Release|ARM.Build.0 = Release|ARM
		{79ABAE7C-42BD-4008-AF33-2CEFDA4246F0}.Release|ARM.Deploy.0 = Release|ARM
		{79ABAE7C-42BD-4008-AF33-2CEFDA4246F0}.Release|ARM64.ActiveCfg = Release|ARM64
		{79ABAE7C-42BD-4008-AF33-2CEFDA4246F0}.Release|ARM64.Build.0 = Release|ARM64
		{79ABAE7C-42BD-4008-AF33-2CEFDA4246F0}.Release|ARM64.Deploy.0 = Release|ARM64
		{79ABAE7C-42BD-4008-AF33-2CEFDA4246F0}.Release|x64.ActiveCfg = Release|x64
		{79ABAE7C-42BD-4008-AF33-2CEFDA4246F0}.Release|x64.Build.0 = Release|x64
		{79ABAE7C-42BD-4008-AF33-2CEFDA4246F0}.Release|x64.Deploy.0 = Release|x64
		{79ABAE7C-42BD-4008-AF33-2CEFDA4246F0}.Release|x86.ActiveCfg = Release|x86
		{79ABAE7C-42BD-4008-AF33-2CEFDA4246F0}.Release|x86.Build.0 = Release|x86
		{79ABAE7C-42BD-4008-AF33-2CEFDA4246F0}.Release|x86.Deploy.0 = Release|x86
		{433B33E5-CB59-4CA1-A5CA-51CB45E7C948}.Debug|ARM.ActiveCfg = Debug|ARM
		{433B33E5-CB59-4CA1-A5CA-51CB45E7C948}.Debug|ARM.Build.0 = Debug|ARM
		{433B33E5-CB59-4CA1-A5CA-51CB45E7C948}.Debug|ARM.Deploy.0 = Debug|ARM
		{433B33E5-CB59-4CA1-A5CA-51CB45E7C948}.Debug|ARM64.ActiveCfg = Debug|ARM64
		{433B33E5-CB59-4CA1-A5CA-51CB45E7C948}.Debug|ARM64.Build.0 = Debug|ARM64
		{433B33E5-CB59-4CA1-A5CA-51CB45E7C948}.Debug|ARM64.Deploy.0 = Debug|ARM64
		{433B33E5-CB59-4CA1-A5CA-51CB45E7C948}.Debug|x64.ActiveCfg = Debug|x64
		{433B33E5-CB59-4CA1-A5CA-51CB45E7C948}.Debug|x64.Build.0 = Debug|x64
		{433B33E5-CB59-4CA1-A5CA-51CB45E7C948}.Debug|x64.Deploy.0 = Debug|x64
		{433B33E5-CB59-4CA1-A5CA-51CB45E7C948}.Debug|x86.ActiveCfg = Debug|x86
		{433B33E5-CB59-4CA1-A5CA-51CB45E7C948}.Debug|x86.Build.0 = Debug|x86
		{433B33E5-CB59-4CA1-A5CA-51CB45E7C948}.Debug|x86.Deploy.0 = Debug|x86
		{433B33E5-CB59-4CA1-A5CA-51CB45E7C948}.Release|ARM.ActiveCfg = Release|ARM
		{433B33E5-CB59-4CA1-A5CA-51CB45E7C948}.Release|ARM.Build.0 = Release|ARM
		{433B33E5-CB59-4CA1-A5CA-51CB45E7C948}.Release|ARM.Deploy.0 = Release|ARM
		{433B33E5-CB59-4CA1-A5CA-51CB45E7C948}.Release|ARM64.ActiveCfg = Release|ARM64
		{433B33E5-CB59-4CA1-A5CA-51CB45E7C948}.Release|ARM64.Build.0 = Release|ARM64
		{433B33E5-CB59-4CA1-A5CA-51CB45E7C948}.Release|ARM64.Deploy.0 = Release|ARM64
		{433B33E5-CB59-4CA1-A5CA-51CB45E7C948}.Release|x64.ActiveCfg = Release|x64
		{433B33E5-CB59-4CA1-A5CA-51CB45E7C948}.Release|x64.Build.0 = Release|x64
		{433B33E5-CB59-4CA1-A5CA-51CB45E7C948}.Release|x64.Deploy.0 = Release|x64
		{433B33E5-CB59-4CA1-A5CA-51CB45E7C948}.Release|x86.ActiveCfg = Release|x86
		{433B33E5-CB59-4CA1-A5CA-51CB45E7C948}.Release|x86.Build.0 = Release|x86
		{433B33E5-CB59-4CA1-A5CA-51CB45E7C948}.Release|x86.Deploy.0 = Release|x86
		{ADAB40C3-F4EE-4DA0-9C9F-F4ACF5228330}.Debug|ARM.ActiveCfg = Debug|ARM
		{ADAB40C3-F4EE-4DA0-9C9F-F4ACF5228330}.Debug|ARM.Build.0 = Debug|ARM
		{ADAB40C3-F4EE-4DA0-9C9F-F4ACF5228330}.Debug|ARM.Deploy.0 = Debug|ARM
		{ADAB40C3-F4EE-4DA0-9C9F-F4ACF5228330}.Debug|ARM64.ActiveCfg = Debug|ARM64
		{ADAB40C3-F4EE-4DA0-9C9F-F4ACF5228330}.Debug|ARM64.Build.0 = Debug|ARM64
		{ADAB40C3-F4EE-4DA0-9C9F-F4ACF5228330}.Debug|ARM64.Deploy.0 = Debug|ARM64
		{ADAB40C3-F4EE-4DA0-9C9F-F4ACF5228330}.Debug|x64.ActiveCfg = Debug|x64
		{ADAB40C3-F4EE-4DA0-9C9F-F4ACF5228330}.Debug|x64.Build.0 = Debug|x64
		{ADAB40C3-F4EE-4DA0-9C9F-F4ACF5228330}.Debug|x64.Deploy.0 = Debug|x64
		{ADAB40C3-F4EE-4DA0-9C9F-F4ACF5228330}.Debug|x86.ActiveCfg = Debug|x86
		{ADAB40C3-F4EE-4DA0-9C9F-F4ACF5228330}.Debug|x86.Build.0 = Debug|x86
		{ADAB40C3-F4EE-4DA0-9C9F-F4ACF5228330}.Debug|x86.Deploy.0 = Debug|x86
		{ADAB40C3-F4EE-4DA0-9C9F-F4ACF5228330}.Release|ARM.ActiveCfg = Release|ARM
		{ADAB40C3-F4EE-4DA0-9C9F-F4ACF5228330}.Release|ARM.Build.0 = Release|ARM
		{ADAB40C3-F4EE-4DA0-9C9F-F4ACF5228330}.Release|ARM.Deploy.0 = Release|ARM
		{ADAB40C3-F4EE-4DA0-9C9F-F4ACF5228330}.Release|ARM64.ActiveCfg = Release|ARM64
		{ADAB40C3-F4EE-4DA0-9C9F-F4ACF5228330}.Release|ARM64.Build.0 = Release|ARM64
		{ADAB40C3-F4EE-4DA0-9C9F-F4ACF5228330}.Release|ARM64.Deploy.0 = Release|ARM64
		{ADAB40C3-F4EE-4DA0-9C9F-F4ACF5228330}.Release|x64.ActiveCfg = Release|x64
		{ADAB40C3-F4EE-4DA0-9C9F-F4ACF5228330}.Release|x64.Build.0 = Release|x64
		{ADAB40C3-F4EE-4DA0-9C9F-F4ACF5228330}.Release|x64.Deploy.0 = Release|x64
		{ADAB40C3-F4EE-4DA0-9C9F-F4ACF5228330}.Release|x86.ActiveCfg = Release|x86
		{ADAB40C3-F4EE-4DA0-9C9F-F4ACF5228330}.Release|x86.Build.0 = Release|x86
		{ADAB40C3-F4EE-4DA0-9C9F-F4ACF5228330}.Release|x86.Deploy.0 = Release|x86
	EndGlobalSection
	GlobalSection(SolutionProperties) = preSolution
		HideSolutionNode = FALSE
	EndGlobalSection
	GlobalSection(ExtensibilityGlobals) = postSolution
		SolutionGuid = {826E753F-DF6A-4876-8E07-6AC750883D3D}
	EndGlobalSection
EndGlobal
